
Microsoft Visual Studio Solution File, Format Version 12.00
# Visual Studio Version 16
VisualStudioVersion = 16.0.30128.74
MinimumVisualStudioVersion = 10.0.40219.1
Project("{FAE04EC0-301F-11D3-BF4B-00C04F79EFBC}") = "MovingBallExamQuestion", "MovingBallExamQuestion\MovingBallExamQuestion.csproj", "{36BFF5DB-F1F3-4C92-84A9-AE9E2DBF7234}"
EndProject
Global
	GlobalSection(SolutionConfigurationPlatforms) = preSolution
		Debug|Any CPU = Debug|Any CPU
		Release|Any CPU = Release|Any CPU
	EndGlobalSection
	GlobalSection(ProjectConfigurationPlatforms) = postSolution
		{36BFF5DB-F1F3-4C92-84A9-AE9E2DBF7234}.Debug|Any CPU.ActiveCfg = Debug|Any CPU
		{36BFF5DB-F1F3-4C92-84A9-AE9E2DBF7234}.Debug|Any CPU.Build.0 = Debug|Any CPU
		{36BFF5DB-F1F3-4C92-84A9-AE9E2DBF7234}.Release|Any CPU.ActiveCfg = Release|Any CPU
		{36BFF5DB-F1F3-4C92-84A9-AE9E2DBF7234}.Release|Any CPU.Build.0 = Release|Any CPU
	EndGlobalSection
	GlobalSection(SolutionProperties) = preSolution
		HideSolutionNode = FALSE
	EndGlobalSection
	GlobalSection(ExtensibilityGlobals) = postSolution
		SolutionGuid = {10DA6CA3-FE2E-4D62-8652-E32CC6799EB5}
	EndGlobalSection
EndGlobal
